
Microsoft Visual Studio Solution File, Format Version 12.00
# Visual Studio Version 17
VisualStudioVersion = 17.0.31903.59
MinimumVisualStudioVersion = 10.0.40219.1
Project("{FAE04EC0-301F-11D3-BF4B-00C04F79EFBC}") = "GosCo.Pan", "src\GosCo.Pan\GosCo.Pan.csproj", "{06D22FF1-C298-47E6-BA2C-C270F5EB2CE6}"
EndProject
Project("{FAE04EC0-301F-11D3-BF4B-00C04F79EFBC}") = "GosCo.Pan.Tests", "tests\GosCo.Pan.Tests\GosCo.Pan.Tests.csproj", "{1749B6D7-A4B9-4971-8E07-D98513AA3CA5}"
EndProject
Global
	GlobalSection(SolutionConfigurationPlatforms) = preSolution
		Debug|Any CPU = Debug|Any CPU
		Release|Any CPU = Release|Any CPU
	EndGlobalSection
	GlobalSection(ProjectConfigurationPlatforms) = postSolution
		{06D22FF1-C298-47E6-BA2C-C270F5EB2CE6}.Debug|Any CPU.ActiveCfg = Debug|Any CPU
		{06D22FF1-C298-47E6-BA2C-C270F5EB2CE6}.Debug|Any CPU.Build.0 = Debug|Any CPU
		{06D22FF1-C298-47E6-BA2C-C270F5EB2CE6}.Release|Any CPU.ActiveCfg = Release|Any CPU
		{06D22FF1-C298-47E6-BA2C-C270F5EB2CE6}.Release|Any CPU.Build.0 = Release|Any CPU
		{1749B6D7-A4B9-4971-8E07-D98513AA3CA5}.Debug|Any CPU.ActiveCfg = Debug|Any CPU
		{1749B6D7-A4B9-4971-8E07-D98513AA3CA5}.Debug|Any CPU.Build.0 = Debug|Any CPU
		{1749B6D7-A4B9-4971-8E07-D98513AA3CA5}.Release|Any CPU.ActiveCfg = Release|Any CPU
		{1749B6D7-A4B9-4971-8E07-D98513AA3CA5}.Release|Any CPU.Build.0 = Release|Any CPU
	EndGlobalSection
	GlobalSection(SolutionProperties) = preSolution
		HideSolutionNode = FALSE
	EndGlobalSection
EndGlobal
